
Microsoft Visual Studio Solution File, Format Version 12.00
# Visual Studio Version 17
VisualStudioVersion = 17.4.33213.308
MinimumVisualStudioVersion = 10.0.40219.1
Project("{FAE04EC0-301F-11D3-BF4B-00C04F79EFBC}") = "SimpleToDoListConsoleAPP", "SimpleToDoListConsoleAPP\SimpleToDoListConsoleAPP.csproj", "{2C544075-5110-4098-B00D-24E0B4D0A19A}"
EndProject
Global
	GlobalSection(SolutionConfigurationPlatforms) = preSolution
		Debug|Any CPU = Debug|Any CPU
		Release|Any CPU = Release|Any CPU
	EndGlobalSection
	GlobalSection(ProjectConfigurationPlatforms) = postSolution
		{2C544075-5110-4098-B00D-24E0B4D0A19A}.Debug|Any CPU.ActiveCfg = Debug|Any CPU
		{2C544075-5110-4098-B00D-24E0B4D0A19A}.Debug|Any CPU.Build.0 = Debug|Any CPU
		{2C544075-5110-4098-B00D-24E0B4D0A19A}.Release|Any CPU.ActiveCfg = Release|Any CPU
		{2C544075-5110-4098-B00D-24E0B4D0A19A}.Release|Any CPU.Build.0 = Release|Any CPU
	EndGlobalSection
	GlobalSection(SolutionProperties) = preSolution
		HideSolutionNode = FALSE
	EndGlobalSection
	GlobalSection(ExtensibilityGlobals) = postSolution
		SolutionGuid = {D5381B96-6BAB-4051-9D7C-2A925D7999FE}
	EndGlobalSection
EndGlobal
